
Microsoft Visual Studio Solution File, Format Version 12.00
# Visual Studio Version 17
VisualStudioVersion = 17.2.32616.157
MinimumVisualStudioVersion = 10.0.40219.1
Project("{FAE04EC0-301F-11D3-BF4B-00C04F79EFBC}") = "Malin Space Science Application", "Malin Space Science Application.csproj", "{205E565F-9165-4538-8918-71E89008018B}"
EndProject
Global
	GlobalSection(SolutionConfigurationPlatforms) = preSolution
		Debug|Any CPU = Debug|Any CPU
		Release|Any CPU = Release|Any CPU
	EndGlobalSection
	GlobalSection(ProjectConfigurationPlatforms) = postSolution
		{205E565F-9165-4538-8918-71E89008018B}.Debug|Any CPU.ActiveCfg = Debug|Any CPU
		{205E565F-9165-4538-8918-71E89008018B}.Debug|Any CPU.Build.0 = Debug|Any CPU
		{205E565F-9165-4538-8918-71E89008018B}.Release|Any CPU.ActiveCfg = Release|Any CPU
		{205E565F-9165-4538-8918-71E89008018B}.Release|Any CPU.Build.0 = Release|Any CPU
	EndGlobalSection
	GlobalSection(SolutionProperties) = preSolution
		HideSolutionNode = FALSE
	EndGlobalSection
	GlobalSection(ExtensibilityGlobals) = postSolution
		SolutionGuid = {E89D2276-9C8F-477F-B282-52271FE6B418}
	EndGlobalSection
EndGlobal
